
Microsoft Visual Studio Solution File, Format Version 12.00
# Visual Studio Version 17
VisualStudioVersion = 17.2.32526.322
MinimumVisualStudioVersion = 10.0.40219.1
Project("{FAE04EC0-301F-11D3-BF4B-00C04F79EFBC}") = "Zoo.TigerEnclosure.App", "Zoo.TigerEnclosure.App\Zoo.TigerEnclosure.App.csproj", "{EB33C481-A95D-45C1-97E5-28980829EB72}"
EndProject
Project("{FAE04EC0-301F-11D3-BF4B-00C04F79EFBC}") = "Zoo.ElephantEnclosure.App", "Zoo.ElephantEnclosure.App\Zoo.ElephantEnclosure.App.csproj", "{D1974E5B-880A-4C36-92BC-76F5239EBDCE}"
EndProject
Global
	GlobalSection(SolutionConfigurationPlatforms) = preSolution
		Debug|Any CPU = Debug|Any CPU
		Release|Any CPU = Release|Any CPU
	EndGlobalSection
	GlobalSection(ProjectConfigurationPlatforms) = postSolution
		{EB33C481-A95D-45C1-97E5-28980829EB72}.Debug|Any CPU.ActiveCfg = Debug|Any CPU
		{EB33C481-A95D-45C1-97E5-28980829EB72}.Debug|Any CPU.Build.0 = Debug|Any CPU
		{EB33C481-A95D-45C1-97E5-28980829EB72}.Release|Any CPU.ActiveCfg = Release|Any CPU
		{EB33C481-A95D-45C1-97E5-28980829EB72}.Release|Any CPU.Build.0 = Release|Any CPU
		{D1974E5B-880A-4C36-92BC-76F5239EBDCE}.Debug|Any CPU.ActiveCfg = Debug|Any CPU
		{D1974E5B-880A-4C36-92BC-76F5239EBDCE}.Debug|Any CPU.Build.0 = Debug|Any CPU
		{D1974E5B-880A-4C36-92BC-76F5239EBDCE}.Release|Any CPU.ActiveCfg = Release|Any CPU
		{D1974E5B-880A-4C36-92BC-76F5239EBDCE}.Release|Any CPU.Build.0 = Release|Any CPU
	EndGlobalSection
	GlobalSection(SolutionProperties) = preSolution
		HideSolutionNode = FALSE
	EndGlobalSection
	GlobalSection(ExtensibilityGlobals) = postSolution
		SolutionGuid = {91AD3D01-FA8C-4CD7-86C5-0A64A0D6F4D7}
	EndGlobalSection
EndGlobal
